
Microsoft Visual Studio Solution File, Format Version 12.00
# Visual Studio Version 17
VisualStudioVersion = 17.6.33801.468
MinimumVisualStudioVersion = 10.0.40219.1
Project("{8BC9CEB8-8B4A-11D0-8D11-00A0C91BC942}") = "example5", "example5\example5.vcxproj", "{5203DDEA-CECD-4EF9-968C-FB5D8BC7D140}"
EndProject
Global
	GlobalSection(SolutionConfigurationPlatforms) = preSolution
		Debug|x64 = Debug|x64
		Debug|x86 = Debug|x86
		Release|x64 = Release|x64
		Release|x86 = Release|x86
	EndGlobalSection
	GlobalSection(ProjectConfigurationPlatforms) = postSolution
		{5203DDEA-CECD-4EF9-968C-FB5D8BC7D140}.Debug|x64.ActiveCfg = Debug|x64
		{5203DDEA-CECD-4EF9-968C-FB5D8BC7D140}.Debug|x64.Build.0 = Debug|x64
		{5203DDEA-CECD-4EF9-968C-FB5D8BC7D140}.Debug|x86.ActiveCfg = Debug|Win32
		{5203DDEA-CECD-4EF9-968C-FB5D8BC7D140}.Debug|x86.Build.0 = Debug|Win32
		{5203DDEA-CECD-4EF9-968C-FB5D8BC7D140}.Release|x64.ActiveCfg = Release|x64
		{5203DDEA-CECD-4EF9-968C-FB5D8BC7D140}.Release|x64.Build.0 = Release|x64
		{5203DDEA-CECD-4EF9-968C-FB5D8BC7D140}.Release|x86.ActiveCfg = Release|Win32
		{5203DDEA-CECD-4EF9-968C-FB5D8BC7D140}.Release|x86.Build.0 = Release|Win32
	EndGlobalSection
	GlobalSection(SolutionProperties) = preSolution
		HideSolutionNode = FALSE
	EndGlobalSection
	GlobalSection(ExtensibilityGlobals) = postSolution
		SolutionGuid = {5CC704C8-C145-4BE0-8291-82F1344EB84A}
	EndGlobalSection
EndGlobal
